PODS:
  - Actions (2.2.1)
  - DropDown (2.3.2)
  - Hero (1.2.0)
  - SnapKit (4.0.0)
  - Then (2.3.0)
  - Toaster (2.1.1)

DEPENDENCIES:
  - Actions
  - DropDown
  - Hero
  - SnapKit
  - Then
  - Toaster

SPEC REPOS:
  https://github.com/CocoaPods/Specs.git:
    - Actions
    - DropDown
    - Hero
    - SnapKit
    - Then
    - Toaster

SPEC CHECKSUMS:
  Actions: 6158e6d06ebb505181726abfbca7cb0ca8356067
  DropDown: 7f87abecc28f9b4edad810fe1211c5c018c257e5
  Hero: 33dadf2cd1c98af71e213dcbc2902e6e03622a4e
  SnapKit: a42d492c16e80209130a3379f73596c3454b7694
  Then: ee21c97b85ff6062b9b0080c9abb1eea46743345
  Toaster: a6c9532de1ded8105e77376f7dffeb2e12b46dbb

PODFILE CHECKSUM: 4881d26ec198c0a40d0720db199ebbb94da5cae0

COCOAPODS: 1.5.0
