// !$*UTF8*$!
{
	archiveVersion = 1;
	classes = {
	};
	objectVersion = 50;
	objects = {

/* Begin PBXBuildFile section */
		213161713609D4D8DC9FB303 /* Pods_ToonMaker.framework in Frameworks */ = {isa = PBXBuildFile; fileRef = BCA02F1B342B910CDEF98B16 /* Pods_ToonMaker.framework */; };
		C403AE0F209ABDE100AEEE7D /* PageEditorViewController.swift in Sources */ = {isa = PBXBuildFile; fileRef = C403AE0E209ABDE100AEEE7D /* PageEditorViewController.swift */; };
		C403AE11209ABDF400AEEE7D /* ToonMakerViewController.swift in Sources */ = {isa = PBXBuildFile; fileRef = C403AE10209ABDF400AEEE7D /* ToonMakerViewController.swift */; };
		C403AE13209ABE1C00AEEE7D /* BaseViewController.swift in Sources */ = {isa = PBXBuildFile; fileRef = C403AE12209ABE1C00AEEE7D /* BaseViewController.swift */; };
		C403AE17209AC39800AEEE7D /* Alert.storyboard in Resources */ = {isa = PBXBuildFile; fileRef = C403AE16209AC39800AEEE7D /* Alert.storyboard */; };
		C403AE1A209AC40D00AEEE7D /* EditMenuCollectionViewCell.swift in Sources */ = {isa = PBXBuildFile; fileRef = C403AE18209AC40D00AEEE7D /* EditMenuCollectionViewCell.swift */; };
		C403AE1B209AC40D00AEEE7D /* EditMenuCollectionViewCell.xib in Resources */ = {isa = PBXBuildFile; fileRef = C403AE19209AC40D00AEEE7D /* EditMenuCollectionViewCell.xib */; };
		C403AE1F209AC8B900AEEE7D /* LayoutModel.swift in Sources */ = {isa = PBXBuildFile; fileRef = C403AE1E209AC8B900AEEE7D /* LayoutModel.swift */; };
		C403AE21209AFE0500AEEE7D /* BookShelfViewController.swift in Sources */ = {isa = PBXBuildFile; fileRef = C403AE20209AFE0500AEEE7D /* BookShelfViewController.swift */; };
		C403AE23209B229700AEEE7D /* WebToonModel.swift in Sources */ = {isa = PBXBuildFile; fileRef = C403AE22209B229700AEEE7D /* WebToonModel.swift */; };
		C403AE25209B333800AEEE7D /* Component.swift in Sources */ = {isa = PBXBuildFile; fileRef = C403AE24209B333800AEEE7D /* Component.swift */; };
		C407AEFF2099809700B7ECC7 /* AppDelegate.swift in Sources */ = {isa = PBXBuildFile; fileRef = C407AEFE2099809700B7ECC7 /* AppDelegate.swift */; };
		C407AF042099809700B7ECC7 /* Main.storyboard in Resources */ = {isa = PBXBuildFile; fileRef = C407AF022099809700B7ECC7 /* Main.storyboard */; };
		C407AF062099809900B7ECC7 /* Assets.xcassets in Resources */ = {isa = PBXBuildFile; fileRef = C407AF052099809900B7ECC7 /* Assets.xcassets */; };
		C407AF092099809900B7ECC7 /* LaunchScreen.storyboard in Resources */ = {isa = PBXBuildFile; fileRef = C407AF072099809900B7ECC7 /* LaunchScreen.storyboard */; };
		C407AF17209987CD00B7ECC7 /* Constants.swift in Sources */ = {isa = PBXBuildFile; fileRef = C407AF16209987CD00B7ECC7 /* Constants.swift */; };
		C407AF1C20998E6A00B7ECC7 /* ColorExtensions.swift in Sources */ = {isa = PBXBuildFile; fileRef = C407AF1B20998E6A00B7ECC7 /* ColorExtensions.swift */; };
		C407AF1E2099929500B7ECC7 /* MainViewController.swift in Sources */ = {isa = PBXBuildFile; fileRef = C407AF1D2099929500B7ECC7 /* MainViewController.swift */; };
/* End PBXBuildFile section */

/* Begin PBXFileReference section */
		6BD23A2C96BBDE8D33343E55 /* Pods-ToonMaker.debug.xcconfig */ = {isa = PBXFileReference; includeInIndex = 1; lastKnownFileType = text.xcconfig; name = "Pods-ToonMaker.debug.xcconfig"; path = "Pods/Target Support Files/Pods-ToonMaker/Pods-ToonMaker.debug.xcconfig"; sourceTree = "<group>"; };
		BCA02F1B342B910CDEF98B16 /* Pods_ToonMaker.framework */ = {isa = PBXFileReference; explicitFileType = wrapper.framework; includeInIndex = 0; path = Pods_ToonMaker.framework; sourceTree = BUILT_PRODUCTS_DIR; };
		C403AE0E209ABDE100AEEE7D /* PageEditorViewController.swift */ = {isa = PBXFileReference; lastKnownFileType = sourcecode.swift; path = PageEditorViewController.swift; sourceTree = "<group>"; };
		C403AE10209ABDF400AEEE7D /* ToonMakerViewController.swift */ = {isa = PBXFileReference; lastKnownFileType = sourcecode.swift; path = ToonMakerViewController.swift; sourceTree = "<group>"; };
		C403AE12209ABE1C00AEEE7D /* BaseViewController.swift */ = {isa = PBXFileReference; lastKnownFileType = sourcecode.swift; path = BaseViewController.swift; sourceTree = "<group>"; };
		C403AE16209AC39800AEEE7D /* Alert.storyboard */ = {isa = PBXFileReference; lastKnownFileType = file.storyboard; path = Alert.storyboard; sourceTree = "<group>"; };
		C403AE18209AC40D00AEEE7D /* EditMenuCollectionViewCell.swift */ = {isa = PBXFileReference; lastKnownFileType = sourcecode.swift; path = EditMenuCollectionViewCell.swift; sourceTree = "<group>"; };
		C403AE19209AC40D00AEEE7D /* EditMenuCollectionViewCell.xib */ = {isa = PBXFileReference; lastKnownFileType = file.xib; path = EditMenuCollectionViewCell.xib; sourceTree = "<group>"; };
		C403AE1E209AC8B900AEEE7D /* LayoutModel.swift */ = {isa = PBXFileReference; lastKnownFileType = sourcecode.swift; path = LayoutModel.swift; sourceTree = "<group>"; };
		C403AE20209AFE0500AEEE7D /* BookShelfViewController.swift */ = {isa = PBXFileReference; lastKnownFileType = sourcecode.swift; path = BookShelfViewController.swift; sourceTree = "<group>"; };
		C403AE22209B229700AEEE7D /* WebToonModel.swift */ = {isa = PBXFileReference; lastKnownFileType = sourcecode.swift; path = WebToonModel.swift; sourceTree = "<group>"; };
		C403AE24209B333800AEEE7D /* Component.swift */ = {isa = PBXFileReference; lastKnownFileType = sourcecode.swift; path = Component.swift; sourceTree = "<group>"; };
		C407AEFB2099809700B7ECC7 /* ToonMaker.app */ = {isa = PBXFileReference; explicitFileType = wrapper.application; includeInIndex = 0; path = ToonMaker.app; sourceTree = BUILT_PRODUCTS_DIR; };
		C407AEFE2099809700B7ECC7 /* AppDelegate.swift */ = {isa = PBXFileReference; lastKnownFileType = sourcecode.swift; path = AppDelegate.swift; sourceTree = "<group>"; };
		C407AF032099809700B7ECC7 /* Base */ = {isa = PBXFileReference; lastKnownFileType = file.storyboard; name = Base; path = Base.lproj/Main.storyboard; sourceTree = "<group>"; };
		C407AF052099809900B7ECC7 /* Assets.xcassets */ = {isa = PBXFileReference; lastKnownFileType = folder.assetcatalog; path = Assets.xcassets; sourceTree = "<group>"; };
		C407AF082099809900B7ECC7 /* Base */ = {isa = PBXFileReference; lastKnownFileType = file.storyboard; name = Base; path = Base.lproj/LaunchScreen.storyboard; sourceTree = "<group>"; };
		C407AF0A2099809900B7ECC7 /* Info.plist */ = {isa = PBXFileReference; lastKnownFileType = text.plist.xml; path = Info.plist; sourceTree = "<group>"; };
		C407AF16209987CD00B7ECC7 /* Constants.swift */ = {isa = PBXFileReference; lastKnownFileType = sourcecode.swift; path = Constants.swift; sourceTree = "<group>"; };
		C407AF1B20998E6A00B7ECC7 /* ColorExtensions.swift */ = {isa = PBXFileReference; lastKnownFileType = sourcecode.swift; path = ColorExtensions.swift; sourceTree = "<group>"; };
		C407AF1D2099929500B7ECC7 /* MainViewController.swift */ = {isa = PBXFileReference; lastKnownFileType = sourcecode.swift; path = MainViewController.swift; sourceTree = "<group>"; };
		EE6DCC5FE2CCD5B278701C62 /* Pods-ToonMaker.release.xcconfig */ = {isa = PBXFileReference; includeInIndex = 1; lastKnownFileType = text.xcconfig; name = "Pods-ToonMaker.release.xcconfig"; path = "Pods/Target Support Files/Pods-ToonMaker/Pods-ToonMaker.release.xcconfig"; sourceTree = "<group>"; };
/* End PBXFileReference section */

/* Begin PBXFrameworksBuildPhase section */
		C407AEF82099809700B7ECC7 /* Frameworks */ = {
			isa = PBXFrameworksBuildPhase;
			buildActionMask = 2147483647;
			files = (
				213161713609D4D8DC9FB303 /* Pods_ToonMaker.framework in Frameworks */,
			);
			runOnlyForDeploymentPostprocessing = 0;
		};
/* End PBXFrameworksBuildPhase section */

/* Begin PBXGroup section */
		C403AE14209AC2F300AEEE7D /* CollectionViewCell */ = {
			isa = PBXGroup;
			children = (
				C403AE18209AC40D00AEEE7D /* EditMenuCollectionViewCell.swift */,
				C403AE19209AC40D00AEEE7D /* EditMenuCollectionViewCell.xib */,
			);
			path = CollectionViewCell;
			sourceTree = "<group>";
		};
		C403AE15209AC2FE00AEEE7D /* TableViewCell */ = {
			isa = PBXGroup;
			children = (
			);
			path = TableViewCell;
			sourceTree = "<group>";
		};
		C407AEF22099809700B7ECC7 = {
			isa = PBXGroup;
			children = (
				C407AEFD2099809700B7ECC7 /* Sources */,
				C407AEFC2099809700B7ECC7 /* Products */,
				EA37D24C0661BF0BBBA8E67F /* Pods */,
				D9742BF0DA6F8C1876F758CB /* Frameworks */,
			);
			sourceTree = "<group>";
		};
		C407AEFC2099809700B7ECC7 /* Products */ = {
			isa = PBXGroup;
			children = (
				C407AEFB2099809700B7ECC7 /* ToonMaker.app */,
			);
			name = Products;
			sourceTree = "<group>";
		};
		C407AEFD2099809700B7ECC7 /* Sources */ = {
			isa = PBXGroup;
			children = (
				C407AF10209985B800B7ECC7 /* Models */,
				C407AF11209985C200B7ECC7 /* Views */,
				C407AF12209985CB00B7ECC7 /* Controllers */,
				C407AF13209985D300B7ECC7 /* Stores */,
				C407AF1820998CEA00B7ECC7 /* Extensions */,
				C407AF14209985D900B7ECC7 /* Helpers */,
				C407AF15209985F700B7ECC7 /* Resources */,
			);
			path = Sources;
			sourceTree = "<group>";
		};
		C407AF10209985B800B7ECC7 /* Models */ = {
			isa = PBXGroup;
			children = (
				C403AE1E209AC8B900AEEE7D /* LayoutModel.swift */,
				C403AE22209B229700AEEE7D /* WebToonModel.swift */,
				C403AE24209B333800AEEE7D /* Component.swift */,
			);
			path = Models;
			sourceTree = "<group>";
		};
		C407AF11209985C200B7ECC7 /* Views */ = {
			isa = PBXGroup;
			children = (
				C403AE15209AC2FE00AEEE7D /* TableViewCell */,
				C403AE14209AC2F300AEEE7D /* CollectionViewCell */,
			);
			path = Views;
			sourceTree = "<group>";
		};
		C407AF12209985CB00B7ECC7 /* Controllers */ = {
			isa = PBXGroup;
			children = (
				C403AE12209ABE1C00AEEE7D /* BaseViewController.swift */,
				C407AF1D2099929500B7ECC7 /* MainViewController.swift */,
				C403AE0E209ABDE100AEEE7D /* PageEditorViewController.swift */,
				C403AE10209ABDF400AEEE7D /* ToonMakerViewController.swift */,
				C403AE20209AFE0500AEEE7D /* BookShelfViewController.swift */,
			);
			path = Controllers;
			sourceTree = "<group>";
		};
		C407AF13209985D300B7ECC7 /* Stores */ = {
			isa = PBXGroup;
			children = (
			);
			path = Stores;
			sourceTree = "<group>";
		};
		C407AF14209985D900B7ECC7 /* Helpers */ = {
			isa = PBXGroup;
			children = (
				C407AEFE2099809700B7ECC7 /* AppDelegate.swift */,
				C407AF0A2099809900B7ECC7 /* Info.plist */,
				C407AF16209987CD00B7ECC7 /* Constants.swift */,
			);
			path = Helpers;
			sourceTree = "<group>";
		};
		C407AF15209985F700B7ECC7 /* Resources */ = {
			isa = PBXGroup;
			children = (
				C407AF022099809700B7ECC7 /* Main.storyboard */,
				C407AF052099809900B7ECC7 /* Assets.xcassets */,
				C407AF072099809900B7ECC7 /* LaunchScreen.storyboard */,
				C403AE16209AC39800AEEE7D /* Alert.storyboard */,
			);
			path = Resources;
			sourceTree = "<group>";
		};
		C407AF1820998CEA00B7ECC7 /* Extensions */ = {
			isa = PBXGroup;
			children = (
				C407AF1B20998E6A00B7ECC7 /* ColorExtensions.swift */,
			);
			path = Extensions;
			sourceTree = "<group>";
		};
		D9742BF0DA6F8C1876F758CB /* Frameworks */ = {
			isa = PBXGroup;
			children = (
				BCA02F1B342B910CDEF98B16 /* Pods_ToonMaker.framework */,
			);
			name = Frameworks;
			sourceTree = "<group>";
		};
		EA37D24C0661BF0BBBA8E67F /* Pods */ = {
			isa = PBXGroup;
			children = (
				6BD23A2C96BBDE8D33343E55 /* Pods-ToonMaker.debug.xcconfig */,
				EE6DCC5FE2CCD5B278701C62 /* Pods-ToonMaker.release.xcconfig */,
			);
			name = Pods;
			sourceTree = "<group>";
		};
/* End PBXGroup section */

/* Begin PBXNativeTarget section */
		C407AEFA2099809700B7ECC7 /* ToonMaker */ = {
			isa = PBXNativeTarget;
			buildConfigurationList = C407AF0D2099809900B7ECC7 /* Build configuration list for PBXNativeTarget "ToonMaker" */;
			buildPhases = (
				4143E3B4C653AEE8F0A9EF28 /* [CP] Check Pods Manifest.lock */,
				C407AEF72099809700B7ECC7 /* Sources */,
				C407AEF82099809700B7ECC7 /* Frameworks */,
				C407AEF92099809700B7ECC7 /* Resources */,
				00247B525926D1842CD72517 /* [CP] Embed Pods Frameworks */,
			);
			buildRules = (
			);
			dependencies = (
			);
			name = ToonMaker;
			productName = ToonMaker;
			productReference = C407AEFB2099809700B7ECC7 /* ToonMaker.app */;
			productType = "com.apple.product-type.application";
		};
/* End PBXNativeTarget section */

/* Begin PBXProject section */
		C407AEF32099809700B7ECC7 /* Project object */ = {
			isa = PBXProject;
			attributes = {
				LastSwiftUpdateCheck = 0930;
				LastUpgradeCheck = 0930;
				ORGANIZATIONNAME = CHK;
				TargetAttributes = {
					C407AEFA2099809700B7ECC7 = {
						CreatedOnToolsVersion = 9.3;
					};
				};
			};
			buildConfigurationList = C407AEF62099809700B7ECC7 /* Build configuration list for PBXProject "ToonMaker" */;
			compatibilityVersion = "Xcode 9.3";
			developmentRegion = en;
			hasScannedForEncodings = 0;
			knownRegions = (
				en,
				Base,
			);
			mainGroup = C407AEF22099809700B7ECC7;
			productRefGroup = C407AEFC2099809700B7ECC7 /* Products */;
			projectDirPath = "";
			projectRoot = "";
			targets = (
				C407AEFA2099809700B7ECC7 /* ToonMaker */,
			);
		};
/* End PBXProject section */

/* Begin PBXResourcesBuildPhase section */
		C407AEF92099809700B7ECC7 /* Resources */ = {
			isa = PBXResourcesBuildPhase;
			buildActionMask = 2147483647;
			files = (
				C403AE1B209AC40D00AEEE7D /* EditMenuCollectionViewCell.xib in Resources */,
				C407AF092099809900B7ECC7 /* LaunchScreen.storyboard in Resources */,
				C407AF062099809900B7ECC7 /* Assets.xcassets in Resources */,
				C407AF042099809700B7ECC7 /* Main.storyboard in Resources */,
				C403AE17209AC39800AEEE7D /* Alert.storyboard in Resources */,
			);
			runOnlyForDeploymentPostprocessing = 0;
		};
/* End PBXResourcesBuildPhase section */

/* Begin PBXShellScriptBuildPhase section */
		00247B525926D1842CD72517 /* [CP] Embed Pods Frameworks */ = {
			isa = PBXShellScriptBuildPhase;
			buildActionMask = 2147483647;
			files = (
			);
			inputPaths = (
				"${SRCROOT}/Pods/Target Support Files/Pods-ToonMaker/Pods-ToonMaker-frameworks.sh",
				"${BUILT_PRODUCTS_DIR}/Alamofire/Alamofire.framework",
				"${BUILT_PRODUCTS_DIR}/Hero/Hero.framework",
				"${BUILT_PRODUCTS_DIR}/SnapKit/SnapKit.framework",
				"${BUILT_PRODUCTS_DIR}/Then/Then.framework",
				"${BUILT_PRODUCTS_DIR}/Toaster/Toaster.framework",
			);
			name = "[CP] Embed Pods Frameworks";
			outputPaths = (
				"${TARGET_BUILD_DIR}/${FRAMEWORKS_FOLDER_PATH}/Alamofire.framework",
				"${TARGET_BUILD_DIR}/${FRAMEWORKS_FOLDER_PATH}/Hero.framework",
				"${TARGET_BUILD_DIR}/${FRAMEWORKS_FOLDER_PATH}/SnapKit.framework",
				"${TARGET_BUILD_DIR}/${FRAMEWORKS_FOLDER_PATH}/Then.framework",
				"${TARGET_BUILD_DIR}/${FRAMEWORKS_FOLDER_PATH}/Toaster.framework",
			);
			runOnlyForDeploymentPostprocessing = 0;
			shellPath = /bin/sh;
			shellScript = "\"${SRCROOT}/Pods/Target Support Files/Pods-ToonMaker/Pods-ToonMaker-frameworks.sh\"\n";
			showEnvVarsInLog = 0;
		};
		4143E3B4C653AEE8F0A9EF28 /* [CP] Check Pods Manifest.lock */ = {
			isa = PBXShellScriptBuildPhase;
			buildActionMask = 2147483647;
			files = (
			);
			inputPaths = (
				"${PODS_PODFILE_DIR_PATH}/Podfile.lock",
				"${PODS_ROOT}/Manifest.lock",
			);
			name = "[CP] Check Pods Manifest.lock";
			outputPaths = (
				"$(DERIVED_FILE_DIR)/Pods-ToonMaker-checkManifestLockResult.txt",
			);
			runOnlyForDeploymentPostprocessing = 0;
			shellPath = /bin/sh;
			shellScript = "diff \"${PODS_PODFILE_DIR_PATH}/Podfile.lock\" \"${PODS_ROOT}/Manifest.lock\" > /dev/null\nif [ $? != 0 ] ; then\n    # print error to STDERR\n    echo \"error: The sandbox is not in sync with the Podfile.lock. Run 'pod install' or update your CocoaPods installation.\" >&2\n    exit 1\nfi\n# This output is used by Xcode 'outputs' to avoid re-running this script phase.\necho \"SUCCESS\" > \"${SCRIPT_OUTPUT_FILE_0}\"\n";
			showEnvVarsInLog = 0;
		};
/* End PBXShellScriptBuildPhase section */

/* Begin PBXSourcesBuildPhase section */
		C407AEF72099809700B7ECC7 /* Sources */ = {
			isa = PBXSourcesBuildPhase;
			buildActionMask = 2147483647;
			files = (
				C403AE11209ABDF400AEEE7D /* ToonMakerViewController.swift in Sources */,
				C403AE25209B333800AEEE7D /* Component.swift in Sources */,
				C403AE23209B229700AEEE7D /* WebToonModel.swift in Sources */,
				C407AEFF2099809700B7ECC7 /* AppDelegate.swift in Sources */,
				C403AE1A209AC40D00AEEE7D /* EditMenuCollectionViewCell.swift in Sources */,
				C407AF17209987CD00B7ECC7 /* Constants.swift in Sources */,
				C407AF1C20998E6A00B7ECC7 /* ColorExtensions.swift in Sources */,
				C403AE0F209ABDE100AEEE7D /* PageEditorViewController.swift in Sources */,
				C403AE13209ABE1C00AEEE7D /* BaseViewController.swift in Sources */,
				C407AF1E2099929500B7ECC7 /* MainViewController.swift in Sources */,
				C403AE21209AFE0500AEEE7D /* BookShelfViewController.swift in Sources */,
				C403AE1F209AC8B900AEEE7D /* LayoutModel.swift in Sources */,
			);
			runOnlyForDeploymentPostprocessing = 0;
		};
/* End PBXSourcesBuildPhase section */

/* Begin PBXVariantGroup section */
		C407AF022099809700B7ECC7 /* Main.storyboard */ = {
			isa = PBXVariantGroup;
			children = (
				C407AF032099809700B7ECC7 /* Base */,
			);
			name = Main.storyboard;
			sourceTree = "<group>";
		};
		C407AF072099809900B7ECC7 /* LaunchScreen.storyboard */ = {
			isa = PBXVariantGroup;
			children = (
				C407AF082099809900B7ECC7 /* Base */,
			);
			name = LaunchScreen.storyboard;
			sourceTree = "<group>";
		};
/* End PBXVariantGroup section */

/* Begin XCBuildConfiguration section */
		C407AF0B2099809900B7ECC7 /* Debug */ = {
			isa = XCBuildConfiguration;
			buildSettings = {
				ALWAYS_SEARCH_USER_PATHS = NO;
				CLANG_ANALYZER_NONNULL = YES;
				CLANG_ANALYZER_NUMBER_OBJECT_CONVERSION = YES_AGGRESSIVE;
				CLANG_CXX_LANGUAGE_STANDARD = "gnu++14";
				CLANG_CXX_LIBRARY = "libc++";
				CLANG_ENABLE_MODULES = YES;
				CLANG_ENABLE_OBJC_ARC = YES;
				CLANG_ENABLE_OBJC_WEAK = YES;
				CLANG_WARN_BLOCK_CAPTURE_AUTORELEASING = YES;
				CLANG_WARN_BOOL_CONVERSION = YES;
				CLANG_WARN_COMMA = YES;
				CLANG_WARN_CONSTANT_CONVERSION = YES;
				CLANG_WARN_DEPRECATED_OBJC_IMPLEMENTATIONS = YES;
				CLANG_WARN_DIRECT_OBJC_ISA_USAGE = YES_ERROR;
				CLANG_WARN_DOCUMENTATION_COMMENTS = YES;
				CLANG_WARN_EMPTY_BODY = YES;
				CLANG_WARN_ENUM_CONVERSION = YES;
				CLANG_WARN_INFINITE_RECURSION = YES;
				CLANG_WARN_INT_CONVERSION = YES;
				CLANG_WARN_NON_LITERAL_NULL_CONVERSION = YES;
				CLANG_WARN_OBJC_IMPLICIT_RETAIN_SELF = YES;
				CLANG_WARN_OBJC_LITERAL_CONVERSION = YES;
				CLANG_WARN_OBJC_ROOT_CLASS = YES_ERROR;
				CLANG_WARN_RANGE_LOOP_ANALYSIS = YES;
				CLANG_WARN_STRICT_PROTOTYPES = YES;
				CLANG_WARN_SUSPICIOUS_MOVE = YES;
				CLANG_WARN_UNGUARDED_AVAILABILITY = YES_AGGRESSIVE;
				CLANG_WARN_UNREACHABLE_CODE = YES;
				CLANG_WARN__DUPLICATE_METHOD_MATCH = YES;
				CODE_SIGN_IDENTITY = "iPhone Developer";
				COPY_PHASE_STRIP = NO;
				DEBUG_INFORMATION_FORMAT = dwarf;
				ENABLE_STRICT_OBJC_MSGSEND = YES;
				ENABLE_TESTABILITY = YES;
				GCC_C_LANGUAGE_STANDARD = gnu11;
				GCC_DYNAMIC_NO_PIC = NO;
				GCC_NO_COMMON_BLOCKS = YES;
				GCC_OPTIMIZATION_LEVEL = 0;
				GCC_PREPROCESSOR_DEFINITIONS = (
					"DEBUG=1",
					"$(inherited)",
				);
				GCC_WARN_64_TO_32_BIT_CONVERSION = YES;
				GCC_WARN_ABOUT_RETURN_TYPE = YES_ERROR;
				GCC_WARN_UNDECLARED_SELECTOR = YES;
				GCC_WARN_UNINITIALIZED_AUTOS = YES_AGGRESSIVE;
				GCC_WARN_UNUSED_FUNCTION = YES;
				GCC_WARN_UNUSED_VARIABLE = YES;
				IPHONEOS_DEPLOYMENT_TARGET = 11.3;
				MTL_ENABLE_DEBUG_INFO = YES;
				ONLY_ACTIVE_ARCH = YES;
				SDKROOT = iphoneos;
				SWIFT_ACTIVE_COMPILATION_CONDITIONS = DEBUG;
				SWIFT_OPTIMIZATION_LEVEL = "-Onone";
			};
			name = Debug;
		};
		C407AF0C2099809900B7ECC7 /* Release */ = {
			isa = XCBuildConfiguration;
			buildSettings = {
				ALWAYS_SEARCH_USER_PATHS = NO;
				CLANG_ANALYZER_NONNULL = YES;
				CLANG_ANALYZER_NUMBER_OBJECT_CONVERSION = YES_AGGRESSIVE;
				CLANG_CXX_LANGUAGE_STANDARD = "gnu++14";
				CLANG_CXX_LIBRARY = "libc++";
				CLANG_ENABLE_MODULES = YES;
				CLANG_ENABLE_OBJC_ARC = YES;
				CLANG_ENABLE_OBJC_WEAK = YES;
				CLANG_WARN_BLOCK_CAPTURE_AUTORELEASING = YES;
				CLANG_WARN_BOOL_CONVERSION = YES;
				CLANG_WARN_COMMA = YES;
				CLANG_WARN_CONSTANT_CONVERSION = YES;
				CLANG_WARN_DEPRECATED_OBJC_IMPLEMENTATIONS = YES;
				CLANG_WARN_DIRECT_OBJC_ISA_USAGE = YES_ERROR;
				CLANG_WARN_DOCUMENTATION_COMMENTS = YES;
				CLANG_WARN_EMPTY_BODY = YES;
				CLANG_WARN_ENUM_CONVERSION = YES;
				CLANG_WARN_INFINITE_RECURSION = YES;
				CLANG_WARN_INT_CONVERSION = YES;
				CLANG_WARN_NON_LITERAL_NULL_CONVERSION = YES;
				CLANG_WARN_OBJC_IMPLICIT_RETAIN_SELF = YES;
				CLANG_WARN_OBJC_LITERAL_CONVERSION = YES;
				CLANG_WARN_OBJC_ROOT_CLASS = YES_ERROR;
				CLANG_WARN_RANGE_LOOP_ANALYSIS = YES;
				CLANG_WARN_STRICT_PROTOTYPES = YES;
				CLANG_WARN_SUSPICIOUS_MOVE = YES;
				CLANG_WARN_UNGUARDED_AVAILABILITY = YES_AGGRESSIVE;
				CLANG_WARN_UNREACHABLE_CODE = YES;
				CLANG_WARN__DUPLICATE_METHOD_MATCH = YES;
				CODE_SIGN_IDENTITY = "iPhone Developer";
				COPY_PHASE_STRIP = NO;
				DEBUG_INFORMATION_FORMAT = "dwarf-with-dsym";
				ENABLE_NS_ASSERTIONS = NO;
				ENABLE_STRICT_OBJC_MSGSEND = YES;
				GCC_C_LANGUAGE_STANDARD = gnu11;
				GCC_NO_COMMON_BLOCKS = YES;
				GCC_WARN_64_TO_32_BIT_CONVERSION = YES;
				GCC_WARN_ABOUT_RETURN_TYPE = YES_ERROR;
				GCC_WARN_UNDECLARED_SELECTOR = YES;
				GCC_WARN_UNINITIALIZED_AUTOS = YES_AGGRESSIVE;
				GCC_WARN_UNUSED_FUNCTION = YES;
				GCC_WARN_UNUSED_VARIABLE = YES;
				IPHONEOS_DEPLOYMENT_TARGET = 11.3;
				MTL_ENABLE_DEBUG_INFO = NO;
				SDKROOT = iphoneos;
				SWIFT_COMPILATION_MODE = wholemodule;
				SWIFT_OPTIMIZATION_LEVEL = "-O";
				VALIDATE_PRODUCT = YES;
			};
			name = Release;
		};
		C407AF0E2099809900B7ECC7 /* Debug */ = {
			isa = XCBuildConfiguration;
			baseConfigurationReference = 6BD23A2C96BBDE8D33343E55 /* Pods-ToonMaker.debug.xcconfig */;
			buildSettings = {
				ASSETCATALOG_COMPILER_APPICON_NAME = AppIcon;
				CODE_SIGN_STYLE = Automatic;
				DEVELOPMENT_TEAM = 4HQ6PG585Q;
				INFOPLIST_FILE = "$(SRCROOT)/Sources/Helpers/Info.plist";
				IPHONEOS_DEPLOYMENT_TARGET = 10.0;
				LD_RUNPATH_SEARCH_PATHS = (
					"$(inherited)",
					"@executable_path/Frameworks",
				);
				PRODUCT_BUNDLE_IDENTIFIER = com.chk.ToonMaker;
				PRODUCT_NAME = "$(TARGET_NAME)";
				SWIFT_VERSION = 4.0;
				TARGETED_DEVICE_FAMILY = "1,2";
			};
			name = Debug;
		};
		C407AF0F2099809900B7ECC7 /* Release */ = {
			isa = XCBuildConfiguration;
			baseConfigurationReference = EE6DCC5FE2CCD5B278701C62 /* Pods-ToonMaker.release.xcconfig */;
			buildSettings = {
				ASSETCATALOG_COMPILER_APPICON_NAME = AppIcon;
				CODE_SIGN_STYLE = Automatic;
				DEVELOPMENT_TEAM = 4HQ6PG585Q;
				INFOPLIST_FILE = "$(SRCROOT)/Sources/Helpers/Info.plist";
				IPHONEOS_DEPLOYMENT_TARGET = 10.0;
				LD_RUNPATH_SEARCH_PATHS = (
					"$(inherited)",
					"@executable_path/Frameworks",
				);
				PRODUCT_BUNDLE_IDENTIFIER = com.chk.ToonMaker;
				PRODUCT_NAME = "$(TARGET_NAME)";
				SWIFT_VERSION = 4.0;
				TARGETED_DEVICE_FAMILY = "1,2";
			};
			name = Release;
		};
/* End XCBuildConfiguration section */

/* Begin XCConfigurationList section */
		C407AEF62099809700B7ECC7 /* Build configuration list for PBXProject "ToonMaker" */ = {
			isa = XCConfigurationList;
			buildConfigurations = (
				C407AF0B2099809900B7ECC7 /* Debug */,
				C407AF0C2099809900B7ECC7 /* Release */,
			);
			defaultConfigurationIsVisible = 0;
			defaultConfigurationName = Release;
		};
		C407AF0D2099809900B7ECC7 /* Build configuration list for PBXNativeTarget "ToonMaker" */ = {
			isa = XCConfigurationList;
			buildConfigurations = (
				C407AF0E2099809900B7ECC7 /* Debug */,
				C407AF0F2099809900B7ECC7 /* Release */,
			);
			defaultConfigurationIsVisible = 0;
			defaultConfigurationName = Release;
		};
/* End XCConfigurationList section */
	};
	rootObject = C407AEF32099809700B7ECC7 /* Project object */;
}
