// !$*UTF8*$!
{
	archiveVersion = 1;
	classes = {
	};
	objectVersion = 50;
	objects = {

/* Begin PBXBuildFile section */
		C407AEFF2099809700B7ECC7 /* AppDelegate.swift in Sources */ = {isa = PBXBuildFile; fileRef = C407AEFE2099809700B7ECC7 /* AppDelegate.swift */; };
		C407AF012099809700B7ECC7 /* ViewController.swift in Sources */ = {isa = PBXBuildFile; fileRef = C407AF002099809700B7ECC7 /* ViewController.swift */; };
		C407AF042099809700B7ECC7 /* Main.storyboard in Resources */ = {isa = PBXBuildFile; fileRef = C407AF022099809700B7ECC7 /* Main.storyboard */; };
		C407AF062099809900B7ECC7 /* Assets.xcassets in Resources */ = {isa = PBXBuildFile; fileRef = C407AF052099809900B7ECC7 /* Assets.xcassets */; };
		C407AF092099809900B7ECC7 /* LaunchScreen.storyboard in Resources */ = {isa = PBXBuildFile; fileRef = C407AF072099809900B7ECC7 /* LaunchScreen.storyboard */; };
/* End PBXBuildFile section */

/* Begin PBXFileReference section */
		C407AEFB2099809700B7ECC7 /* ToonMaker.app */ = {isa = PBXFileReference; explicitFileType = wrapper.application; includeInIndex = 0; path = ToonMaker.app; sourceTree = BUILT_PRODUCTS_DIR; };
		C407AEFE2099809700B7ECC7 /* AppDelegate.swift */ = {isa = PBXFileReference; lastKnownFileType = sourcecode.swift; path = AppDelegate.swift; sourceTree = "<group>"; };
		C407AF002099809700B7ECC7 /* ViewController.swift */ = {isa = PBXFileReference; lastKnownFileType = sourcecode.swift; path = ViewController.swift; sourceTree = "<group>"; };
		C407AF032099809700B7ECC7 /* Base */ = {isa = PBXFileReference; lastKnownFileType = file.storyboard; name = Base; path = Base.lproj/Main.storyboard; sourceTree = "<group>"; };
		C407AF052099809900B7ECC7 /* Assets.xcassets */ = {isa = PBXFileReference; lastKnownFileType = folder.assetcatalog; path = Assets.xcassets; sourceTree = "<group>"; };
		C407AF082099809900B7ECC7 /* Base */ = {isa = PBXFileReference; lastKnownFileType = file.storyboard; name = Base; path = Base.lproj/LaunchScreen.storyboard; sourceTree = "<group>"; };
		C407AF0A2099809900B7ECC7 /* Info.plist */ = {isa = PBXFileReference; lastKnownFileType = text.plist.xml; path = Info.plist; sourceTree = "<group>"; };
/* End PBXFileReference section */

/* Begin PBXFrameworksBuildPhase section */
		C407AEF82099809700B7ECC7 /* Frameworks */ = {
			isa = PBXFrameworksBuildPhase;
			buildActionMask = 2147483647;
			files = (
			);
			runOnlyForDeploymentPostprocessing = 0;
		};
/* End PBXFrameworksBuildPhase section */

/* Begin PBXGroup section */
		C407AEF22099809700B7ECC7 = {
			isa = PBXGroup;
			children = (
				C407AEFD2099809700B7ECC7 /* ToonMaker */,
				C407AEFC2099809700B7ECC7 /* Products */,
			);
			sourceTree = "<group>";
		};
		C407AEFC2099809700B7ECC7 /* Products */ = {
			isa = PBXGroup;
			children = (
				C407AEFB2099809700B7ECC7 /* ToonMaker.app */,
			);
			name = Products;
			sourceTree = "<group>";
		};
		C407AEFD2099809700B7ECC7 /* ToonMaker */ = {
			isa = PBXGroup;
			children = (
				C407AF10209985B800B7ECC7 /* Models */,
				C407AF11209985C200B7ECC7 /* Views */,
				C407AF12209985CB00B7ECC7 /* Controllers */,
				C407AF13209985D300B7ECC7 /* Stores */,
				C407AF14209985D900B7ECC7 /* Helpers */,
				C407AF15209985F700B7ECC7 /* Resources */,
			);
			path = ToonMaker;
			sourceTree = "<group>";
		};
		C407AF10209985B800B7ECC7 /* Models */ = {
			isa = PBXGroup;
			children = (
			);
			path = Models;
			sourceTree = "<group>";
		};
		C407AF11209985C200B7ECC7 /* Views */ = {
			isa = PBXGroup;
			children = (
			);
			path = Views;
			sourceTree = "<group>";
		};
		C407AF12209985CB00B7ECC7 /* Controllers */ = {
			isa = PBXGroup;
			children = (
				C407AF002099809700B7ECC7 /* ViewController.swift */,
			);
			path = Controllers;
			sourceTree = "<group>";
		};
		C407AF13209985D300B7ECC7 /* Stores */ = {
			isa = PBXGroup;
			children = (
			);
			path = Stores;
			sourceTree = "<group>";
		};
		C407AF14209985D900B7ECC7 /* Helpers */ = {
			isa = PBXGroup;
			children = (
				C407AEFE2099809700B7ECC7 /* AppDelegate.swift */,
				C407AF0A2099809900B7ECC7 /* Info.plist */,
			);
			path = Helpers;
			sourceTree = "<group>";
		};
		C407AF15209985F700B7ECC7 /* Resources */ = {
			isa = PBXGroup;
			children = (
				C407AF022099809700B7ECC7 /* Main.storyboard */,
				C407AF052099809900B7ECC7 /* Assets.xcassets */,
				C407AF072099809900B7ECC7 /* LaunchScreen.storyboard */,
			);
			path = Resources;
			sourceTree = "<group>";
		};
/* End PBXGroup section */

/* Begin PBXNativeTarget section */
		C407AEFA2099809700B7ECC7 /* ToonMaker */ = {
			isa = PBXNativeTarget;
			buildConfigurationList = C407AF0D2099809900B7ECC7 /* Build configuration list for PBXNativeTarget "ToonMaker" */;
			buildPhases = (
				C407AEF72099809700B7ECC7 /* Sources */,
				C407AEF82099809700B7ECC7 /* Frameworks */,
				C407AEF92099809700B7ECC7 /* Resources */,
			);
			buildRules = (
			);
			dependencies = (
			);
			name = ToonMaker;
			productName = ToonMaker;
			productReference = C407AEFB2099809700B7ECC7 /* ToonMaker.app */;
			productType = "com.apple.product-type.application";
		};
/* End PBXNativeTarget section */

/* Begin PBXProject section */
		C407AEF32099809700B7ECC7 /* Project object */ = {
			isa = PBXProject;
			attributes = {
				LastSwiftUpdateCheck = 0930;
				LastUpgradeCheck = 0930;
				ORGANIZATIONNAME = CHK;
				TargetAttributes = {
					C407AEFA2099809700B7ECC7 = {
						CreatedOnToolsVersion = 9.3;
					};
				};
			};
			buildConfigurationList = C407AEF62099809700B7ECC7 /* Build configuration list for PBXProject "ToonMaker" */;
			compatibilityVersion = "Xcode 9.3";
			developmentRegion = en;
			hasScannedForEncodings = 0;
			knownRegions = (
				en,
				Base,
			);
			mainGroup = C407AEF22099809700B7ECC7;
			productRefGroup = C407AEFC2099809700B7ECC7 /* Products */;
			projectDirPath = "";
			projectRoot = "";
			targets = (
				C407AEFA2099809700B7ECC7 /* ToonMaker */,
			);
		};
/* End PBXProject section */

/* Begin PBXResourcesBuildPhase section */
		C407AEF92099809700B7ECC7 /* Resources */ = {
			isa = PBXResourcesBuildPhase;
			buildActionMask = 2147483647;
			files = (
				C407AF092099809900B7ECC7 /* LaunchScreen.storyboard in Resources */,
				C407AF062099809900B7ECC7 /* Assets.xcassets in Resources */,
				C407AF042099809700B7ECC7 /* Main.storyboard in Resources */,
			);
			runOnlyForDeploymentPostprocessing = 0;
		};
/* End PBXResourcesBuildPhase section */

/* Begin PBXSourcesBuildPhase section */
		C407AEF72099809700B7ECC7 /* Sources */ = {
			isa = PBXSourcesBuildPhase;
			buildActionMask = 2147483647;
			files = (
				C407AF012099809700B7ECC7 /* ViewController.swift in Sources */,
				C407AEFF2099809700B7ECC7 /* AppDelegate.swift in Sources */,
			);
			runOnlyForDeploymentPostprocessing = 0;
		};
/* End PBXSourcesBuildPhase section */

/* Begin PBXVariantGroup section */
		C407AF022099809700B7ECC7 /* Main.storyboard */ = {
			isa = PBXVariantGroup;
			children = (
				C407AF032099809700B7ECC7 /* Base */,
			);
			name = Main.storyboard;
			sourceTree = "<group>";
		};
		C407AF072099809900B7ECC7 /* LaunchScreen.storyboard */ = {
			isa = PBXVariantGroup;
			children = (
				C407AF082099809900B7ECC7 /* Base */,
			);
			name = LaunchScreen.storyboard;
			sourceTree = "<group>";
		};
/* End PBXVariantGroup section */

/* Begin XCBuildConfiguration section */
		C407AF0B2099809900B7ECC7 /* Debug */ = {
			isa = XCBuildConfiguration;
			buildSettings = {
				ALWAYS_SEARCH_USER_PATHS = NO;
				CLANG_ANALYZER_NONNULL = YES;
				CLANG_ANALYZER_NUMBER_OBJECT_CONVERSION = YES_AGGRESSIVE;
				CLANG_CXX_LANGUAGE_STANDARD = "gnu++14";
				CLANG_CXX_LIBRARY = "libc++";
				CLANG_ENABLE_MODULES = YES;
				CLANG_ENABLE_OBJC_ARC = YES;
				CLANG_ENABLE_OBJC_WEAK = YES;
				CLANG_WARN_BLOCK_CAPTURE_AUTORELEASING = YES;
				CLANG_WARN_BOOL_CONVERSION = YES;
				CLANG_WARN_COMMA = YES;
				CLANG_WARN_CONSTANT_CONVERSION = YES;
				CLANG_WARN_DEPRECATED_OBJC_IMPLEMENTATIONS = YES;
				CLANG_WARN_DIRECT_OBJC_ISA_USAGE = YES_ERROR;
				CLANG_WARN_DOCUMENTATION_COMMENTS = YES;
				CLANG_WARN_EMPTY_BODY = YES;
				CLANG_WARN_ENUM_CONVERSION = YES;
				CLANG_WARN_INFINITE_RECURSION = YES;
				CLANG_WARN_INT_CONVERSION = YES;
				CLANG_WARN_NON_LITERAL_NULL_CONVERSION = YES;
				CLANG_WARN_OBJC_IMPLICIT_RETAIN_SELF = YES;
				CLANG_WARN_OBJC_LITERAL_CONVERSION = YES;
				CLANG_WARN_OBJC_ROOT_CLASS = YES_ERROR;
				CLANG_WARN_RANGE_LOOP_ANALYSIS = YES;
				CLANG_WARN_STRICT_PROTOTYPES = YES;
				CLANG_WARN_SUSPICIOUS_MOVE = YES;
				CLANG_WARN_UNGUARDED_AVAILABILITY = YES_AGGRESSIVE;
				CLANG_WARN_UNREACHABLE_CODE = YES;
				CLANG_WARN__DUPLICATE_METHOD_MATCH = YES;
				CODE_SIGN_IDENTITY = "iPhone Developer";
				COPY_PHASE_STRIP = NO;
				DEBUG_INFORMATION_FORMAT = dwarf;
				ENABLE_STRICT_OBJC_MSGSEND = YES;
				ENABLE_TESTABILITY = YES;
				GCC_C_LANGUAGE_STANDARD = gnu11;
				GCC_DYNAMIC_NO_PIC = NO;
				GCC_NO_COMMON_BLOCKS = YES;
				GCC_OPTIMIZATION_LEVEL = 0;
				GCC_PREPROCESSOR_DEFINITIONS = (
					"DEBUG=1",
					"$(inherited)",
				);
				GCC_WARN_64_TO_32_BIT_CONVERSION = YES;
				GCC_WARN_ABOUT_RETURN_TYPE = YES_ERROR;
				GCC_WARN_UNDECLARED_SELECTOR = YES;
				GCC_WARN_UNINITIALIZED_AUTOS = YES_AGGRESSIVE;
				GCC_WARN_UNUSED_FUNCTION = YES;
				GCC_WARN_UNUSED_VARIABLE = YES;
				IPHONEOS_DEPLOYMENT_TARGET = 11.3;
				MTL_ENABLE_DEBUG_INFO = YES;
				ONLY_ACTIVE_ARCH = YES;
				SDKROOT = iphoneos;
				SWIFT_ACTIVE_COMPILATION_CONDITIONS = DEBUG;
				SWIFT_OPTIMIZATION_LEVEL = "-Onone";
			};
			name = Debug;
		};
		C407AF0C2099809900B7ECC7 /* Release */ = {
			isa = XCBuildConfiguration;
			buildSettings = {
				ALWAYS_SEARCH_USER_PATHS = NO;
				CLANG_ANALYZER_NONNULL = YES;
				CLANG_ANALYZER_NUMBER_OBJECT_CONVERSION = YES_AGGRESSIVE;
				CLANG_CXX_LANGUAGE_STANDARD = "gnu++14";
				CLANG_CXX_LIBRARY = "libc++";
				CLANG_ENABLE_MODULES = YES;
				CLANG_ENABLE_OBJC_ARC = YES;
				CLANG_ENABLE_OBJC_WEAK = YES;
				CLANG_WARN_BLOCK_CAPTURE_AUTORELEASING = YES;
				CLANG_WARN_BOOL_CONVERSION = YES;
				CLANG_WARN_COMMA = YES;
				CLANG_WARN_CONSTANT_CONVERSION = YES;
				CLANG_WARN_DEPRECATED_OBJC_IMPLEMENTATIONS = YES;
				CLANG_WARN_DIRECT_OBJC_ISA_USAGE = YES_ERROR;
				CLANG_WARN_DOCUMENTATION_COMMENTS = YES;
				CLANG_WARN_EMPTY_BODY = YES;
				CLANG_WARN_ENUM_CONVERSION = YES;
				CLANG_WARN_INFINITE_RECURSION = YES;
				CLANG_WARN_INT_CONVERSION = YES;
				CLANG_WARN_NON_LITERAL_NULL_CONVERSION = YES;
				CLANG_WARN_OBJC_IMPLICIT_RETAIN_SELF = YES;
				CLANG_WARN_OBJC_LITERAL_CONVERSION = YES;
				CLANG_WARN_OBJC_ROOT_CLASS = YES_ERROR;
				CLANG_WARN_RANGE_LOOP_ANALYSIS = YES;
				CLANG_WARN_STRICT_PROTOTYPES = YES;
				CLANG_WARN_SUSPICIOUS_MOVE = YES;
				CLANG_WARN_UNGUARDED_AVAILABILITY = YES_AGGRESSIVE;
				CLANG_WARN_UNREACHABLE_CODE = YES;
				CLANG_WARN__DUPLICATE_METHOD_MATCH = YES;
				CODE_SIGN_IDENTITY = "iPhone Developer";
				COPY_PHASE_STRIP = NO;
				DEBUG_INFORMATION_FORMAT = "dwarf-with-dsym";
				ENABLE_NS_ASSERTIONS = NO;
				ENABLE_STRICT_OBJC_MSGSEND = YES;
				GCC_C_LANGUAGE_STANDARD = gnu11;
				GCC_NO_COMMON_BLOCKS = YES;
				GCC_WARN_64_TO_32_BIT_CONVERSION = YES;
				GCC_WARN_ABOUT_RETURN_TYPE = YES_ERROR;
				GCC_WARN_UNDECLARED_SELECTOR = YES;
				GCC_WARN_UNINITIALIZED_AUTOS = YES_AGGRESSIVE;
				GCC_WARN_UNUSED_FUNCTION = YES;
				GCC_WARN_UNUSED_VARIABLE = YES;
				IPHONEOS_DEPLOYMENT_TARGET = 11.3;
				MTL_ENABLE_DEBUG_INFO = NO;
				SDKROOT = iphoneos;
				SWIFT_COMPILATION_MODE = wholemodule;
				SWIFT_OPTIMIZATION_LEVEL = "-O";
				VALIDATE_PRODUCT = YES;
			};
			name = Release;
		};
		C407AF0E2099809900B7ECC7 /* Debug */ = {
			isa = XCBuildConfiguration;
			buildSettings = {
				ASSETCATALOG_COMPILER_APPICON_NAME = AppIcon;
				CODE_SIGN_STYLE = Automatic;
				DEVELOPMENT_TEAM = 4HQ6PG585Q;
				INFOPLIST_FILE = ToonMaker/Info.plist;
				IPHONEOS_DEPLOYMENT_TARGET = 10.0;
				LD_RUNPATH_SEARCH_PATHS = (
					"$(inherited)",
					"@executable_path/Frameworks",
				);
				PRODUCT_BUNDLE_IDENTIFIER = com.chk.ToonMaker;
				PRODUCT_NAME = "$(TARGET_NAME)";
				SWIFT_VERSION = 4.0;
				TARGETED_DEVICE_FAMILY = "1,2";
			};
			name = Debug;
		};
		C407AF0F2099809900B7ECC7 /* Release */ = {
			isa = XCBuildConfiguration;
			buildSettings = {
				ASSETCATALOG_COMPILER_APPICON_NAME = AppIcon;
				CODE_SIGN_STYLE = Automatic;
				DEVELOPMENT_TEAM = 4HQ6PG585Q;
				INFOPLIST_FILE = ToonMaker/Info.plist;
				IPHONEOS_DEPLOYMENT_TARGET = 10.0;
				LD_RUNPATH_SEARCH_PATHS = (
					"$(inherited)",
					"@executable_path/Frameworks",
				);
				PRODUCT_BUNDLE_IDENTIFIER = com.chk.ToonMaker;
				PRODUCT_NAME = "$(TARGET_NAME)";
				SWIFT_VERSION = 4.0;
				TARGETED_DEVICE_FAMILY = "1,2";
			};
			name = Release;
		};
/* End XCBuildConfiguration section */

/* Begin XCConfigurationList section */
		C407AEF62099809700B7ECC7 /* Build configuration list for PBXProject "ToonMaker" */ = {
			isa = XCConfigurationList;
			buildConfigurations = (
				C407AF0B2099809900B7ECC7 /* Debug */,
				C407AF0C2099809900B7ECC7 /* Release */,
			);
			defaultConfigurationIsVisible = 0;
			defaultConfigurationName = Release;
		};
		C407AF0D2099809900B7ECC7 /* Build configuration list for PBXNativeTarget "ToonMaker" */ = {
			isa = XCConfigurationList;
			buildConfigurations = (
				C407AF0E2099809900B7ECC7 /* Debug */,
				C407AF0F2099809900B7ECC7 /* Release */,
			);
			defaultConfigurationIsVisible = 0;
			defaultConfigurationName = Release;
		};
/* End XCConfigurationList section */
	};
	rootObject = C407AEF32099809700B7ECC7 /* Project object */;
}
